
Microsoft Visual Studio Solution File, Format Version 12.00
# Visual Studio Version 16
VisualStudioVersion = 16.0.33529.622
MinimumVisualStudioVersion = 10.0.40219.1
Project("{8BC9CEB8-8B4A-11D0-8D11-00A0C91BC942}") = "baseball", "baseball\baseball.vcxproj", "{C40F5BA3-EBAA-49CF-82AC-CCAB85D98203}"
EndProject
Project("{8BC9CEB8-8B4A-11D0-8D11-00A0C91BC942}") = "baseballtest", "baseballtest\baseballtest.vcxproj", "{33D96ABC-101E-416A-BC08-F3634A1A490E}"
EndProject
Global
	GlobalSection(SolutionConfigurationPlatforms) = preSolution
		Debug|x64 = Debug|x64
		Debug|x86 = Debug|x86
		Release|x64 = Release|x64
		Release|x86 = Release|x86
	EndGlobalSection
	GlobalSection(ProjectConfigurationPlatforms) = postSolution
		{C40F5BA3-EBAA-49CF-82AC-CCAB85D98203}.Debug|x64.ActiveCfg = Debug|x64
		{C40F5BA3-EBAA-49CF-82AC-CCAB85D98203}.Debug|x64.Build.0 = Debug|x64
		{C40F5BA3-EBAA-49CF-82AC-CCAB85D98203}.Debug|x86.ActiveCfg = Debug|Win32
		{C40F5BA3-EBAA-49CF-82AC-CCAB85D98203}.Debug|x86.Build.0 = Debug|Win32
		{C40F5BA3-EBAA-49CF-82AC-CCAB85D98203}.Release|x64.ActiveCfg = Release|x64
		{C40F5BA3-EBAA-49CF-82AC-CCAB85D98203}.Release|x64.Build.0 = Release|x64
		{C40F5BA3-EBAA-49CF-82AC-CCAB85D98203}.Release|x86.ActiveCfg = Release|Win32
		{C40F5BA3-EBAA-49CF-82AC-CCAB85D98203}.Release|x86.Build.0 = Release|Win32
		{33D96ABC-101E-416A-BC08-F3634A1A490E}.Debug|x64.ActiveCfg = Debug|x64
		{33D96ABC-101E-416A-BC08-F3634A1A490E}.Debug|x64.Build.0 = Debug|x64
		{33D96ABC-101E-416A-BC08-F3634A1A490E}.Debug|x86.ActiveCfg = Debug|Win32
		{33D96ABC-101E-416A-BC08-F3634A1A490E}.Debug|x86.Build.0 = Debug|Win32
		{33D96ABC-101E-416A-BC08-F3634A1A490E}.Release|x64.ActiveCfg = Release|x64
		{33D96ABC-101E-416A-BC08-F3634A1A490E}.Release|x64.Build.0 = Release|x64
		{33D96ABC-101E-416A-BC08-F3634A1A490E}.Release|x86.ActiveCfg = Release|Win32
		{33D96ABC-101E-416A-BC08-F3634A1A490E}.Release|x86.Build.0 = Release|Win32
	EndGlobalSection
	GlobalSection(SolutionProperties) = preSolution
		HideSolutionNode = FALSE
	EndGlobalSection
	GlobalSection(ExtensibilityGlobals) = postSolution
		SolutionGuid = {0F33C90D-0A10-4A8A-9F7B-E08A87AC6F88}
	EndGlobalSection
EndGlobal
